
Microsoft Visual Studio Solution File, Format Version 12.00
# Visual Studio Version 16
VisualStudioVersion = 16.0.31729.503
MinimumVisualStudioVersion = 10.0.40219.1
Project("{FAE04EC0-301F-11D3-BF4B-00C04F79EFBC}") = "API_Partidos_Futbol", "API_Partidos_Futbol\API_Partidos_Futbol.csproj", "{00E338A8-20FD-404B-8BFC-17B5943D97CF}"
EndProject
Project("{FAE04EC0-301F-11D3-BF4B-00C04F79EFBC}") = "MVC_Futbol", "MVC_Futbol\MVC_Futbol.csproj", "{884DBFE8-DB45-45FF-9A24-4C65B6210AE9}"
EndProject
Global
	GlobalSection(SolutionConfigurationPlatforms) = preSolution
		Debug|Any CPU = Debug|Any CPU
		Release|Any CPU = Release|Any CPU
	EndGlobalSection
	GlobalSection(ProjectConfigurationPlatforms) = postSolution
		{00E338A8-20FD-404B-8BFC-17B5943D97CF}.Debug|Any CPU.ActiveCfg = Debug|Any CPU
		{00E338A8-20FD-404B-8BFC-17B5943D97CF}.Debug|Any CPU.Build.0 = Debug|Any CPU
		{00E338A8-20FD-404B-8BFC-17B5943D97CF}.Release|Any CPU.ActiveCfg = Release|Any CPU
		{00E338A8-20FD-404B-8BFC-17B5943D97CF}.Release|Any CPU.Build.0 = Release|Any CPU
		{884DBFE8-DB45-45FF-9A24-4C65B6210AE9}.Debug|Any CPU.ActiveCfg = Debug|Any CPU
		{884DBFE8-DB45-45FF-9A24-4C65B6210AE9}.Debug|Any CPU.Build.0 = Debug|Any CPU
		{884DBFE8-DB45-45FF-9A24-4C65B6210AE9}.Release|Any CPU.ActiveCfg = Release|Any CPU
		{884DBFE8-DB45-45FF-9A24-4C65B6210AE9}.Release|Any CPU.Build.0 = Release|Any CPU
	EndGlobalSection
	GlobalSection(SolutionProperties) = preSolution
		HideSolutionNode = FALSE
	EndGlobalSection
	GlobalSection(ExtensibilityGlobals) = postSolution
		SolutionGuid = {3E87059F-5668-4060-9126-96D4B985F4C3}
	EndGlobalSection
EndGlobal
